dependencies:
- name: golang-chart
  repository: file://../consumer_chart
  version: 0.1.0
- name: golang-chart
  repository: file://../consumer_chart
  version: 0.1.0
- name: golang-chart
  repository: file://../consumer_chart
  version: 0.1.0
- name: golang-chart
  repository: file://../consumer_chart
  version: 0.1.0
- name: golang-chart
  repository: file://../consumer_chart
  version: 0.1.0
- name: golang-chart
  repository: file://../consumer_chart
  version: 0.1.0
- name: golang-chart
  repository: file://../consumer_chart
  version: 0.1.0
- name: golang-chart
  repository: file://../consumer_chart
  version: 0.1.0
- name: redis
  repository: oci://registry-1.docker.io/bitnamicharts
  version: 18.6.1
- name: sulfoxide-bromine
  repository: oci://ghcr.io/atomicloud/sulfoxide.bromine
  version: 1.8.0
- name: root-chart
  repository: oci://ghcr.io/atomicloud/nitroso.zinc
  version: 1.18.0
- name: root-chart
  repository: oci://ghcr.io/atomicloud/nitroso.helium
  version: 1.9.3
digest: sha256:214effc6c059dfa138d13f040c0a56df97d9590d23b3b9c35f78ee090bbaae2e
generated: "2026-07-02T23:43:18.570843-07:00"
