dependencies:
- name: golang-chart
  repository: file://../consumer_chart
  version: 0.1.0
- name: golang-chart
  repository: file://../consumer_chart
  version: 0.1.0
- name: golang-chart
  repository: file://../consumer_chart
  version: 0.1.0
- name: golang-chart
  repository: file://../consumer_chart
  version: 0.1.0
- name: golang-chart
  repository: file://../consumer_chart
  version: 0.1.0
- name: golang-chart
  repository: file://../consumer_chart
  version: 0.1.0
- name: redis
  repository: oci://registry-1.docker.io/bitnamicharts
  version: 18.6.1
- name: sulfoxide-bromine
  repository: oci://ghcr.io/atomicloud/sulfoxide.bromine
  version: 1.6.0
- name: root-chart
  repository: oci://ghcr.io/atomicloud/nitroso.zinc
  version: 1.18.0
- name: root-chart
  repository: oci://ghcr.io/atomicloud/nitroso.helium
  version: 1.9.3
digest: sha256:9ba1f9867cddb41c7e90c959d4b092e6da510dcfd9aac2b56649e31c0cf7e788
generated: "2024-08-11T20:29:36.244422+08:00"
