dependencies:
- name: golang-chart
  repository: file://../consumer_chart
  version: 0.1.0
- name: golang-chart
  repository: file://../consumer_chart
  version: 0.1.0
- name: golang-chart
  repository: file://../consumer_chart
  version: 0.1.0
- name: golang-chart
  repository: file://../consumer_chart
  version: 0.1.0
- name: golang-chart
  repository: file://../consumer_chart
  version: 0.1.0
- name: redis
  repository: oci://registry-1.docker.io/bitnamicharts
  version: 18.6.1
- name: sulfoxide-bromine
  repository: oci://ghcr.io/atomicloud/sulfoxide.bromine
  version: 1.4.0
- name: root-chart
  repository: oci://ghcr.io/atomicloud/nitroso.zinc
  version: 1.18.0
- name: root-chart
  repository: oci://ghcr.io/atomicloud/nitroso.helium
  version: 1.9.3
digest: sha256:51fc7610fdbe01946309e0d34cc3a51e6a1d40fc1343f5a38933e0f47ec8ac44
generated: "2024-02-28T18:10:45.886448+08:00"
